
Microsoft Visual Studio Solution File, Format Version 12.00
# Visual Studio for Mac
Project("{FAE04EC0-301F-11D3-BF4B-00C04F79EFBC}") = "dissertation", "Assembly-CSharp.csproj", "{551BD817-C1BC-14A6-7FBB-BB37189F8AE3}"
EndProject
Project("{FAE04EC0-301F-11D3-BF4B-00C04F79EFBC}") = "dissertation", "Assembly-CSharp-Editor.csproj", "{8823495C-F9B9-A577-8169-A566539FD535}"
EndProject
Global
	GlobalSection(SolutionConfigurationPlatforms) = preSolution
		Debug|Any CPU = Debug|Any CPU
		Release|Any CPU = Release|Any CPU
	EndGlobalSection
	GlobalSection(ProjectConfigurationPlatforms) = postSolution
		{551BD817-C1BC-14A6-7FBB-BB37189F8AE3}.Debug|Any CPU.ActiveCfg = Debug|Any CPU
		{551BD817-C1BC-14A6-7FBB-BB37189F8AE3}.Debug|Any CPU.Build.0 = Debug|Any CPU
		{551BD817-C1BC-14A6-7FBB-BB37189F8AE3}.Release|Any CPU.ActiveCfg = Release|Any CPU
		{551BD817-C1BC-14A6-7FBB-BB37189F8AE3}.Release|Any CPU.Build.0 = Release|Any CPU
		{8823495C-F9B9-A577-8169-A566539FD535}.Debug|Any CPU.ActiveCfg = Debug|Any CPU
		{8823495C-F9B9-A577-8169-A566539FD535}.Debug|Any CPU.Build.0 = Debug|Any CPU
		{8823495C-F9B9-A577-8169-A566539FD535}.Release|Any CPU.ActiveCfg = Release|Any CPU
		{8823495C-F9B9-A577-8169-A566539FD535}.Release|Any CPU.Build.0 = Release|Any CPU
	EndGlobalSection
	GlobalSection(SolutionProperties) = preSolution
		HideSolutionNode = FALSE
	EndGlobalSection
EndGlobal
